
Microsoft Visual Studio Solution File, Format Version 12.00
# Visual Studio Version 17
VisualStudioVersion = 17.2.32602.215
MinimumVisualStudioVersion = 10.0.40219.1
Project("{FAE04EC0-301F-11D3-BF4B-00C04F79EFBC}") = "GrpcGreeter", "GrpcGreeter\GrpcGreeter.csproj", "{163089AF-CD59-4D8E-AAED-1CFE05B59C34}"
EndProject
Project("{FAE04EC0-301F-11D3-BF4B-00C04F79EFBC}") = "GrpcGreeterClient", "GrpcGreeterClient\GrpcGreeterClient.csproj", "{A8B79CCD-102A-421E-BC9E-13A9F8677A81}"
EndProject
Project("{FAE04EC0-301F-11D3-BF4B-00C04F79EFBC}") = "ProductGrpc", "ProductGrpc\ProductGrpc.csproj", "{88159ACD-899C-4255-BEE7-B83D1606D2C5}"
EndProject
Global
	GlobalSection(SolutionConfigurationPlatforms) = preSolution
		Debug|Any CPU = Debug|Any CPU
		Release|Any CPU = Release|Any CPU
	EndGlobalSection
	GlobalSection(ProjectConfigurationPlatforms) = postSolution
		{163089AF-CD59-4D8E-AAED-1CFE05B59C34}.Debug|Any CPU.ActiveCfg = Debug|Any CPU
		{163089AF-CD59-4D8E-AAED-1CFE05B59C34}.Debug|Any CPU.Build.0 = Debug|Any CPU
		{163089AF-CD59-4D8E-AAED-1CFE05B59C34}.Release|Any CPU.ActiveCfg = Release|Any CPU
		{163089AF-CD59-4D8E-AAED-1CFE05B59C34}.Release|Any CPU.Build.0 = Release|Any CPU
		{A8B79CCD-102A-421E-BC9E-13A9F8677A81}.Debug|Any CPU.ActiveCfg = Debug|Any CPU
		{A8B79CCD-102A-421E-BC9E-13A9F8677A81}.Debug|Any CPU.Build.0 = Debug|Any CPU
		{A8B79CCD-102A-421E-BC9E-13A9F8677A81}.Release|Any CPU.ActiveCfg = Release|Any CPU
		{A8B79CCD-102A-421E-BC9E-13A9F8677A81}.Release|Any CPU.Build.0 = Release|Any CPU
		{88159ACD-899C-4255-BEE7-B83D1606D2C5}.Debug|Any CPU.ActiveCfg = Debug|Any CPU
		{88159ACD-899C-4255-BEE7-B83D1606D2C5}.Debug|Any CPU.Build.0 = Debug|Any CPU
		{88159ACD-899C-4255-BEE7-B83D1606D2C5}.Release|Any CPU.ActiveCfg = Release|Any CPU
		{88159ACD-899C-4255-BEE7-B83D1606D2C5}.Release|Any CPU.Build.0 = Release|Any CPU
	EndGlobalSection
	GlobalSection(SolutionProperties) = preSolution
		HideSolutionNode = FALSE
	EndGlobalSection
	GlobalSection(ExtensibilityGlobals) = postSolution
		SolutionGuid = {CCF4C016-3D30-4B32-BC04-CA8E0A3387B9}
	EndGlobalSection
EndGlobal
